
Microsoft Visual Studio Solution File, Format Version 12.00
# Visual Studio Version 17
VisualStudioVersion = 17.2.32602.215
MinimumVisualStudioVersion = 10.0.40219.1
Project("{FAE04EC0-301F-11D3-BF4B-00C04F79EFBC}") = "eTickets", "eTickets\eTickets.csproj", "{082D9542-7E78-477C-9EA2-9EDCBDE7D36D}"
EndProject
Global
	GlobalSection(SolutionConfigurationPlatforms) = preSolution
		Debug|Any CPU = Debug|Any CPU
		Release|Any CPU = Release|Any CPU
	EndGlobalSection
	GlobalSection(ProjectConfigurationPlatforms) = postSolution
		{082D9542-7E78-477C-9EA2-9EDCBDE7D36D}.Debug|Any CPU.ActiveCfg = Debug|Any CPU
		{082D9542-7E78-477C-9EA2-9EDCBDE7D36D}.Debug|Any CPU.Build.0 = Debug|Any CPU
		{082D9542-7E78-477C-9EA2-9EDCBDE7D36D}.Release|Any CPU.ActiveCfg = Release|Any CPU
		{082D9542-7E78-477C-9EA2-9EDCBDE7D36D}.Release|Any CPU.Build.0 = Release|Any CPU
	EndGlobalSection
	GlobalSection(SolutionProperties) = preSolution
		HideSolutionNode = FALSE
	EndGlobalSection
	GlobalSection(ExtensibilityGlobals) = postSolution
		SolutionGuid = {1923003D-5BB9-439C-8A92-15E62553B2D1}
	EndGlobalSection
EndGlobal
